{
  "binds": {
    "soothfast::keep": "40ed41ef7edb6071",
    "soothfast_docs::markdown::scan": "0f6f9104dd59006a",
    "soothfast_measure::stats::summarize": "fee68b1d78b7c283",
    "soothfast_measure::sweep::evaluate": "25adff41bf8c1e86",
    "soothfast_spec::openapi::diff::diff": "62368d178ce6bc49",
    "soothfast_spec::reconcile::reconcile": "0e17d5defc0e63ac"
  },
  "version": 1
}
